
Microsoft Visual Studio Solution File, Format Version 12.00
# Visual Studio Version 17
VisualStudioVersion = 17.13.35818.85 d17.13
MinimumVisualStudioVersion = 10.0.40219.1
Project("{FAE04EC0-301F-11D3-BF4B-00C04F79EFBC}") = "proyecto-sistemas", "proyecto-sistemas.csproj", "{D3F85F33-B83B-40C7-8964-84B8ADF692D0}"
EndProject
Global
	GlobalSection(SolutionConfigurationPlatforms) = preSolution
		Debug|Any CPU = Debug|Any CPU
		Release|Any CPU = Release|Any CPU
	EndGlobalSection
	GlobalSection(ProjectConfigurationPlatforms) = postSolution
		{D3F85F33-B83B-40C7-8964-84B8ADF692D0}.Debug|Any CPU.ActiveCfg = Debug|Any CPU
		{D3F85F33-B83B-40C7-8964-84B8ADF692D0}.Debug|Any CPU.Build.0 = Debug|Any CPU
		{D3F85F33-B83B-40C7-8964-84B8ADF692D0}.Release|Any CPU.ActiveCfg = Release|Any CPU
		{D3F85F33-B83B-40C7-8964-84B8ADF692D0}.Release|Any CPU.Build.0 = Release|Any CPU
	EndGlobalSection
	GlobalSection(SolutionProperties) = preSolution
		HideSolutionNode = FALSE
	EndGlobalSection
	GlobalSection(ExtensibilityGlobals) = postSolution
		SolutionGuid = {6F187D85-7D20-482B-913E-3902B45C3977}
	EndGlobalSection
EndGlobal
